// !$*UTF8*$!
{
	archiveVersion = 1;
	classes = {
	};
	objectVersion = 56;
	objects = {

/* Begin PBXBuildFile section */
		D139A47D82ABEAAC33D68E72 /* Pods_TestProduct.framework in Frameworks */ = {isa = PBXBuildFile; fileRef = 5BC12462EFFDE80E1A933A60 /* Pods_TestProduct.framework */; };
		D9BC39682CDE97DA00716D1E /* AppDelegate.swift in Sources */ = {isa = PBXBuildFile; fileRef = D9BC39672CDE97DA00716D1E /* AppDelegate.swift */; };
		D9BC396A2CDE97DA00716D1E /* SceneDelegate.swift in Sources */ = {isa = PBXBuildFile; fileRef = D9BC39692CDE97DA00716D1E /* SceneDelegate.swift */; };
		D9BC396C2CDE97DA00716D1E /* ViewController.swift in Sources */ = {isa = PBXBuildFile; fileRef = D9BC396B2CDE97DA00716D1E /* ViewController.swift */; };
		D9BC396F2CDE97DA00716D1E /* Base in Resources */ = {isa = PBXBuildFile; fileRef = D9BC396E2CDE97DA00716D1E /* Base */; };
		D9BC39712CDE97DC00716D1E /* Assets.xcassets in Resources */ = {isa = PBXBuildFile; fileRef = D9BC39702CDE97DC00716D1E /* Assets.xcassets */; };
		D9BC397E2CDFAD0500716D1E /* ImageTableViewController.swift in Sources */ = {isa = PBXBuildFile; fileRef = D9BC397D2CDFAD0500716D1E /* ImageTableViewController.swift */; };
		D9BC39812CDFD98E00716D1E /* ImageTableViewCell.swift in Sources */ = {isa = PBXBuildFile; fileRef = D9BC39802CDFD98E00716D1E /* ImageTableViewCell.swift */; };
		D9BC39832CDFF9BF00716D1E /* SavedImagesViewController.swift in Sources */ = {isa = PBXBuildFile; fileRef = D9BC39822CDFF9BF00716D1E /* SavedImagesViewController.swift */; };
		D9BC398A2CE003ED00716D1E /* SelectedImage.swift in Sources */ = {isa = PBXBuildFile; fileRef = D9BC39892CE003ED00716D1E /* SelectedImage.swift */; };
		D9BC39992CE0928B00716D1E /* SavedImgListTableViewCell.swift in Sources */ = {isa = PBXBuildFile; fileRef = D9BC39982CE0928B00716D1E /* SavedImgListTableViewCell.swift */; };
/* End PBXBuildFile section */

/* Begin PBXFileReference section */
		27C6C9C77F7F149605C1BC11 /* Pods-TestProduct.release.xcconfig */ = {isa = PBXFileReference; includeInIndex = 1; lastKnownFileType = text.xcconfig; name = "Pods-TestProduct.release.xcconfig"; path = "Target Support Files/Pods-TestProduct/Pods-TestProduct.release.xcconfig"; sourceTree = "<group>"; };
		4854A47B6DD0F603655B7EC0 /* Pods-TestProduct.debug.xcconfig */ = {isa = PBXFileReference; includeInIndex = 1; lastKnownFileType = text.xcconfig; name = "Pods-TestProduct.debug.xcconfig"; path = "Target Support Files/Pods-TestProduct/Pods-TestProduct.debug.xcconfig"; sourceTree = "<group>"; };
		5BC12462EFFDE80E1A933A60 /* Pods_TestProduct.framework */ = {isa = PBXFileReference; explicitFileType = wrapper.framework; includeInIndex = 0; path = Pods_TestProduct.framework; sourceTree = BUILT_PRODUCTS_DIR; };
		D9BC39642CDE97DA00716D1E /* TestProduct.app */ = {isa = PBXFileReference; explicitFileType = wrapper.application; includeInIndex = 0; path = TestProduct.app; sourceTree = BUILT_PRODUCTS_DIR; };
		D9BC39672CDE97DA00716D1E /* AppDelegate.swift */ = {isa = PBXFileReference; lastKnownFileType = sourcecode.swift; path = AppDelegate.swift; sourceTree = "<group>"; };
		D9BC39692CDE97DA00716D1E /* SceneDelegate.swift */ = {isa = PBXFileReference; lastKnownFileType = sourcecode.swift; path = SceneDelegate.swift; sourceTree = "<group>"; };
		D9BC396B2CDE97DA00716D1E /* ViewController.swift */ = {isa = PBXFileReference; lastKnownFileType = sourcecode.swift; path = ViewController.swift; sourceTree = "<group>"; };
		D9BC396E2CDE97DA00716D1E /* Base */ = {isa = PBXFileReference; lastKnownFileType = file.storyboard; name = Base; path = Base.lproj/Main.storyboard; sourceTree = "<group>"; };
		D9BC39702CDE97DC00716D1E /* Assets.xcassets */ = {isa = PBXFileReference; lastKnownFileType = folder.assetcatalog; path = Assets.xcassets; sourceTree = "<group>"; };
		D9BC39752CDE97DC00716D1E /* Info.plist */ = {isa = PBXFileReference; lastKnownFileType = text.plist.xml; path = Info.plist; sourceTree = "<group>"; };
		D9BC397D2CDFAD0500716D1E /* ImageTableViewController.swift */ = {isa = PBXFileReference; lastKnownFileType = sourcecode.swift; path = ImageTableViewController.swift; sourceTree = "<group>"; };
		D9BC39802CDFD98E00716D1E /* ImageTableViewCell.swift */ = {isa = PBXFileReference; lastKnownFileType = sourcecode.swift; path = ImageTableViewCell.swift; sourceTree = "<group>"; };
		D9BC39822CDFF9BF00716D1E /* SavedImagesViewController.swift */ = {isa = PBXFileReference; lastKnownFileType = sourcecode.swift; path = SavedImagesViewController.swift; sourceTree = "<group>"; };
		D9BC39892CE003ED00716D1E /* SelectedImage.swift */ = {isa = PBXFileReference; lastKnownFileType = sourcecode.swift; path = SelectedImage.swift; sourceTree = "<group>"; };
		D9BC39982CE0928B00716D1E /* SavedImgListTableViewCell.swift */ = {isa = PBXFileReference; lastKnownFileType = sourcecode.swift; path = SavedImgListTableViewCell.swift; sourceTree = "<group>"; };
/* End PBXFileReference section */

/* Begin PBXFrameworksBuildPhase section */
		D9BC39612CDE97DA00716D1E /* Frameworks */ = {
			isa = PBXFrameworksBuildPhase;
			buildActionMask = 2147483647;
			files = (
				D139A47D82ABEAAC33D68E72 /* Pods_TestProduct.framework in Frameworks */,
			);
			runOnlyForDeploymentPostprocessing = 0;
		};
/* End PBXFrameworksBuildPhase section */

/* Begin PBXGroup section */
		1260C213E7A1C83A6EA9C7D1 /* Frameworks */ = {
			isa = PBXGroup;
			children = (
				5BC12462EFFDE80E1A933A60 /* Pods_TestProduct.framework */,
			);
			name = Frameworks;
			sourceTree = "<group>";
		};
		B969F4C8F173E9C79B46390D /* Pods */ = {
			isa = PBXGroup;
			children = (
				4854A47B6DD0F603655B7EC0 /* Pods-TestProduct.debug.xcconfig */,
				27C6C9C77F7F149605C1BC11 /* Pods-TestProduct.release.xcconfig */,
			);
			path = Pods;
			sourceTree = "<group>";
		};
		D9BC395B2CDE97DA00716D1E = {
			isa = PBXGroup;
			children = (
				D9BC39662CDE97DA00716D1E /* TestProduct */,
				D9BC39652CDE97DA00716D1E /* Products */,
				B969F4C8F173E9C79B46390D /* Pods */,
				1260C213E7A1C83A6EA9C7D1 /* Frameworks */,
			);
			sourceTree = "<group>";
		};
		D9BC39652CDE97DA00716D1E /* Products */ = {
			isa = PBXGroup;
			children = (
				D9BC39642CDE97DA00716D1E /* TestProduct.app */,
			);
			name = Products;
			sourceTree = "<group>";
		};
		D9BC39662CDE97DA00716D1E /* TestProduct */ = {
			isa = PBXGroup;
			children = (
				D9BC398B2CE003F500716D1E /* Model */,
				D9BC397F2CDFD8A100716D1E /* TableCell */,
				D9BC39972CE091EB00716D1E /* ViewControllerss */,
				D9BC39672CDE97DA00716D1E /* AppDelegate.swift */,
				D9BC39692CDE97DA00716D1E /* SceneDelegate.swift */,
				D9BC396B2CDE97DA00716D1E /* ViewController.swift */,
				D9BC396D2CDE97DA00716D1E /* Main.storyboard */,
				D9BC39702CDE97DC00716D1E /* Assets.xcassets */,
				D9BC39752CDE97DC00716D1E /* Info.plist */,
			);
			path = TestProduct;
			sourceTree = "<group>";
		};
		D9BC397F2CDFD8A100716D1E /* TableCell */ = {
			isa = PBXGroup;
			children = (
				D9BC39802CDFD98E00716D1E /* ImageTableViewCell.swift */,
				D9BC39982CE0928B00716D1E /* SavedImgListTableViewCell.swift */,
			);
			path = TableCell;
			sourceTree = "<group>";
		};
		D9BC398B2CE003F500716D1E /* Model */ = {
			isa = PBXGroup;
			children = (
				D9BC39892CE003ED00716D1E /* SelectedImage.swift */,
			);
			path = Model;
			sourceTree = "<group>";
		};
		D9BC39972CE091EB00716D1E /* ViewControllerss */ = {
			isa = PBXGroup;
			children = (
				D9BC397D2CDFAD0500716D1E /* ImageTableViewController.swift */,
				D9BC39822CDFF9BF00716D1E /* SavedImagesViewController.swift */,
			);
			path = ViewControllerss;
			sourceTree = "<group>";
		};
/* End PBXGroup section */

/* Begin PBXNativeTarget section */
		D9BC39632CDE97DA00716D1E /* TestProduct */ = {
			isa = PBXNativeTarget;
			buildConfigurationList = D9BC39782CDE97DC00716D1E /* Build configuration list for PBXNativeTarget "TestProduct" */;
			buildPhases = (
				838DB35E5FEAAAA35AFC2608 /* [CP] Check Pods Manifest.lock */,
				D9BC39602CDE97DA00716D1E /* Sources */,
				D9BC39612CDE97DA00716D1E /* Frameworks */,
				D9BC39622CDE97DA00716D1E /* Resources */,
				A6F51B4AC192007FFD2898FD /* [CP] Embed Pods Frameworks */,
			);
			buildRules = (
			);
			dependencies = (
			);
			name = TestProduct;
			productName = TestProduct;
			productReference = D9BC39642CDE97DA00716D1E /* TestProduct.app */;
			productType = "com.apple.product-type.application";
		};
/* End PBXNativeTarget section */

/* Begin PBXProject section */
		D9BC395C2CDE97DA00716D1E /* Project object */ = {
			isa = PBXProject;
			attributes = {
				BuildIndependentTargetsInParallel = 1;
				LastSwiftUpdateCheck = 1540;
				LastUpgradeCheck = 1540;
				TargetAttributes = {
					D9BC39632CDE97DA00716D1E = {
						CreatedOnToolsVersion = 15.4;
					};
				};
			};
			buildConfigurationList = D9BC395F2CDE97DA00716D1E /* Build configuration list for PBXProject "TestProduct" */;
			compatibilityVersion = "Xcode 14.0";
			developmentRegion = en;
			hasScannedForEncodings = 0;
			knownRegions = (
				en,
				Base,
			);
			mainGroup = D9BC395B2CDE97DA00716D1E;
			productRefGroup = D9BC39652CDE97DA00716D1E /* Products */;
			projectDirPath = "";
			projectRoot = "";
			targets = (
				D9BC39632CDE97DA00716D1E /* TestProduct */,
			);
		};
/* End PBXProject section */

/* Begin PBXResourcesBuildPhase section */
		D9BC39622CDE97DA00716D1E /* Resources */ = {
			isa = PBXResourcesBuildPhase;
			buildActionMask = 2147483647;
			files = (
				D9BC39712CDE97DC00716D1E /* Assets.xcassets in Resources */,
				D9BC396F2CDE97DA00716D1E /* Base in Resources */,
			);
			runOnlyForDeploymentPostprocessing = 0;
		};
/* End PBXResourcesBuildPhase section */

/* Begin PBXShellScriptBuildPhase section */
		838DB35E5FEAAAA35AFC2608 /* [CP] Check Pods Manifest.lock */ = {
			isa = PBXShellScriptBuildPhase;
			buildActionMask = 2147483647;
			files = (
			);
			inputFileListPaths = (
			);
			inputPaths = (
				"${PODS_PODFILE_DIR_PATH}/Podfile.lock",
				"${PODS_ROOT}/Manifest.lock",
			);
			name = "[CP] Check Pods Manifest.lock";
			outputFileListPaths = (
			);
			outputPaths = (
				"$(DERIVED_FILE_DIR)/Pods-TestProduct-checkManifestLockResult.txt",
			);
			runOnlyForDeploymentPostprocessing = 0;
			shellPath = /bin/sh;
			shellScript = "diff \"${PODS_PODFILE_DIR_PATH}/Podfile.lock\" \"${PODS_ROOT}/Manifest.lock\" > /dev/null\nif [ $? != 0 ] ; then\n    # print error to STDERR\n    echo \"error: The sandbox is not in sync with the Podfile.lock. Run 'pod install' or update your CocoaPods installation.\" >&2\n    exit 1\nfi\n# This output is used by Xcode 'outputs' to avoid re-running this script phase.\necho \"SUCCESS\" > \"${SCRIPT_OUTPUT_FILE_0}\"\n";
			showEnvVarsInLog = 0;
		};
		A6F51B4AC192007FFD2898FD /* [CP] Embed Pods Frameworks */ = {
			isa = PBXShellScriptBuildPhase;
			buildActionMask = 2147483647;
			files = (
			);
			inputFileListPaths = (
				"${PODS_ROOT}/Target Support Files/Pods-TestProduct/Pods-TestProduct-frameworks-${CONFIGURATION}-input-files.xcfilelist",
			);
			name = "[CP] Embed Pods Frameworks";
			outputFileListPaths = (
				"${PODS_ROOT}/Target Support Files/Pods-TestProduct/Pods-TestProduct-frameworks-${CONFIGURATION}-output-files.xcfilelist",
			);
			runOnlyForDeploymentPostprocessing = 0;
			shellPath = /bin/sh;
			shellScript = "\"${PODS_ROOT}/Target Support Files/Pods-TestProduct/Pods-TestProduct-frameworks.sh\"\n";
			showEnvVarsInLog = 0;
		};
/* End PBXShellScriptBuildPhase section */

/* Begin PBXSourcesBuildPhase section */
		D9BC39602CDE97DA00716D1E /* Sources */ = {
			isa = PBXSourcesBuildPhase;
			buildActionMask = 2147483647;
			files = (
				D9BC398A2CE003ED00716D1E /* SelectedImage.swift in Sources */,
				D9BC39992CE0928B00716D1E /* SavedImgListTableViewCell.swift in Sources */,
				D9BC396C2CDE97DA00716D1E /* ViewController.swift in Sources */,
				D9BC39682CDE97DA00716D1E /* AppDelegate.swift in Sources */,
				D9BC39812CDFD98E00716D1E /* ImageTableViewCell.swift in Sources */,
				D9BC396A2CDE97DA00716D1E /* SceneDelegate.swift in Sources */,
				D9BC39832CDFF9BF00716D1E /* SavedImagesViewController.swift in Sources */,
				D9BC397E2CDFAD0500716D1E /* ImageTableViewController.swift in Sources */,
			);
			runOnlyForDeploymentPostprocessing = 0;
		};
/* End PBXSourcesBuildPhase section */

/* Begin PBXVariantGroup section */
		D9BC396D2CDE97DA00716D1E /* Main.storyboard */ = {
			isa = PBXVariantGroup;
			children = (
				D9BC396E2CDE97DA00716D1E /* Base */,
			);
			name = Main.storyboard;
			sourceTree = "<group>";
		};
/* End PBXVariantGroup section */

/* Begin XCBuildConfiguration section */
		D9BC39762CDE97DC00716D1E /* Debug */ = {
			isa = XCBuildConfiguration;
			buildSettings = {
				ALWAYS_SEARCH_USER_PATHS = NO;
				ASSETCATALOG_COMPILER_GENERATE_SWIFT_ASSET_SYMBOL_EXTENSIONS = YES;
				CLANG_ANALYZER_NONNULL = YES;
				CLANG_ANALYZER_NUMBER_OBJECT_CONVERSION = YES_AGGRESSIVE;
				CLANG_CXX_LANGUAGE_STANDARD = "gnu++20";
				CLANG_ENABLE_MODULES = YES;
				CLANG_ENABLE_OBJC_ARC = YES;
				CLANG_ENABLE_OBJC_WEAK = YES;
				CLANG_WARN_BLOCK_CAPTURE_AUTORELEASING = YES;
				CLANG_WARN_BOOL_CONVERSION = YES;
				CLANG_WARN_COMMA = YES;
				CLANG_WARN_CONSTANT_CONVERSION = YES;
				CLANG_WARN_DEPRECATED_OBJC_IMPLEMENTATIONS = YES;
				CLANG_WARN_DIRECT_OBJC_ISA_USAGE = YES_ERROR;
				CLANG_WARN_DOCUMENTATION_COMMENTS = YES;
				CLANG_WARN_EMPTY_BODY = YES;
				CLANG_WARN_ENUM_CONVERSION = YES;
				CLANG_WARN_INFINITE_RECURSION = YES;
				CLANG_WARN_INT_CONVERSION = YES;
				CLANG_WARN_NON_LITERAL_NULL_CONVERSION = YES;
				CLANG_WARN_OBJC_IMPLICIT_RETAIN_SELF = YES;
				CLANG_WARN_OBJC_LITERAL_CONVERSION = YES;
				CLANG_WARN_OBJC_ROOT_CLASS = YES_ERROR;
				CLANG_WARN_QUOTED_INCLUDE_IN_FRAMEWORK_HEADER = YES;
				CLANG_WARN_RANGE_LOOP_ANALYSIS = YES;
				CLANG_WARN_STRICT_PROTOTYPES = YES;
				CLANG_WARN_SUSPICIOUS_MOVE = YES;
				CLANG_WARN_UNGUARDED_AVAILABILITY = YES_AGGRESSIVE;
				CLANG_WARN_UNREACHABLE_CODE = YES;
				CLANG_WARN__DUPLICATE_METHOD_MATCH = YES;
				COPY_PHASE_STRIP = NO;
				DEBUG_INFORMATION_FORMAT = dwarf;
				ENABLE_STRICT_OBJC_MSGSEND = YES;
				ENABLE_TESTABILITY = YES;
				ENABLE_USER_SCRIPT_SANDBOXING = YES;
				GCC_C_LANGUAGE_STANDARD = gnu17;
				GCC_DYNAMIC_NO_PIC = NO;
				GCC_NO_COMMON_BLOCKS = YES;
				GCC_OPTIMIZATION_LEVEL = 0;
				GCC_PREPROCESSOR_DEFINITIONS = (
					"DEBUG=1",
					"$(inherited)",
				);
				GCC_WARN_64_TO_32_BIT_CONVERSION = YES;
				GCC_WARN_ABOUT_RETURN_TYPE = YES_ERROR;
				GCC_WARN_UNDECLARED_SELECTOR = YES;
				GCC_WARN_UNINITIALIZED_AUTOS = YES_AGGRESSIVE;
				GCC_WARN_UNUSED_FUNCTION = YES;
				GCC_WARN_UNUSED_VARIABLE = YES;
				IPHONEOS_DEPLOYMENT_TARGET = 17.5;
				LOCALIZATION_PREFERS_STRING_CATALOGS = YES;
				MTL_ENABLE_DEBUG_INFO = INCLUDE_SOURCE;
				MTL_FAST_MATH = YES;
				ONLY_ACTIVE_ARCH = YES;
				SDKROOT = iphoneos;
				SWIFT_ACTIVE_COMPILATION_CONDITIONS = "DEBUG $(inherited)";
				SWIFT_OPTIMIZATION_LEVEL = "-Onone";
			};
			name = Debug;
		};
		D9BC39772CDE97DC00716D1E /* Release */ = {
			isa = XCBuildConfiguration;
			buildSettings = {
				ALWAYS_SEARCH_USER_PATHS = NO;
				ASSETCATALOG_COMPILER_GENERATE_SWIFT_ASSET_SYMBOL_EXTENSIONS = YES;
				CLANG_ANALYZER_NONNULL = YES;
				CLANG_ANALYZER_NUMBER_OBJECT_CONVERSION = YES_AGGRESSIVE;
				CLANG_CXX_LANGUAGE_STANDARD = "gnu++20";
				CLANG_ENABLE_MODULES = YES;
				CLANG_ENABLE_OBJC_ARC = YES;
				CLANG_ENABLE_OBJC_WEAK = YES;
				CLANG_WARN_BLOCK_CAPTURE_AUTORELEASING = YES;
				CLANG_WARN_BOOL_CONVERSION = YES;
				CLANG_WARN_COMMA = YES;
				CLANG_WARN_CONSTANT_CONVERSION = YES;
				CLANG_WARN_DEPRECATED_OBJC_IMPLEMENTATIONS = YES;
				CLANG_WARN_DIRECT_OBJC_ISA_USAGE = YES_ERROR;
				CLANG_WARN_DOCUMENTATION_COMMENTS = YES;
				CLANG_WARN_EMPTY_BODY = YES;
				CLANG_WARN_ENUM_CONVERSION = YES;
				CLANG_WARN_INFINITE_RECURSION = YES;
				CLANG_WARN_INT_CONVERSION = YES;
				CLANG_WARN_NON_LITERAL_NULL_CONVERSION = YES;
				CLANG_WARN_OBJC_IMPLICIT_RETAIN_SELF = YES;
				CLANG_WARN_OBJC_LITERAL_CONVERSION = YES;
				CLANG_WARN_OBJC_ROOT_CLASS = YES_ERROR;
				CLANG_WARN_QUOTED_INCLUDE_IN_FRAMEWORK_HEADER = YES;
				CLANG_WARN_RANGE_LOOP_ANALYSIS = YES;
				CLANG_WARN_STRICT_PROTOTYPES = YES;
				CLANG_WARN_SUSPICIOUS_MOVE = YES;
				CLANG_WARN_UNGUARDED_AVAILABILITY = YES_AGGRESSIVE;
				CLANG_WARN_UNREACHABLE_CODE = YES;
				CLANG_WARN__DUPLICATE_METHOD_MATCH = YES;
				COPY_PHASE_STRIP = NO;
				DEBUG_INFORMATION_FORMAT = "dwarf-with-dsym";
				ENABLE_NS_ASSERTIONS = NO;
				ENABLE_STRICT_OBJC_MSGSEND = YES;
				ENABLE_USER_SCRIPT_SANDBOXING = YES;
				GCC_C_LANGUAGE_STANDARD = gnu17;
				GCC_NO_COMMON_BLOCKS = YES;
				GCC_WARN_64_TO_32_BIT_CONVERSION = YES;
				GCC_WARN_ABOUT_RETURN_TYPE = YES_ERROR;
				GCC_WARN_UNDECLARED_SELECTOR = YES;
				GCC_WARN_UNINITIALIZED_AUTOS = YES_AGGRESSIVE;
				GCC_WARN_UNUSED_FUNCTION = YES;
				GCC_WARN_UNUSED_VARIABLE = YES;
				IPHONEOS_DEPLOYMENT_TARGET = 17.5;
				LOCALIZATION_PREFERS_STRING_CATALOGS = YES;
				MTL_ENABLE_DEBUG_INFO = NO;
				MTL_FAST_MATH = YES;
				SDKROOT = iphoneos;
				SWIFT_COMPILATION_MODE = wholemodule;
				VALIDATE_PRODUCT = YES;
			};
			name = Release;
		};
		D9BC39792CDE97DC00716D1E /* Debug */ = {
			isa = XCBuildConfiguration;
			baseConfigurationReference = 4854A47B6DD0F603655B7EC0 /* Pods-TestProduct.debug.xcconfig */;
			buildSettings = {
				ASSETCATALOG_COMPILER_APPICON_NAME = AppIcon;
				ASSETCATALOG_COMPILER_GLOBAL_ACCENT_COLOR_NAME = AccentColor;
				CODE_SIGN_STYLE = Automatic;
				CURRENT_PROJECT_VERSION = 1;
				DEVELOPMENT_TEAM = 4PN88S2B7V;
				ENABLE_USER_SCRIPT_SANDBOXING = NO;
				GENERATE_INFOPLIST_FILE = YES;
				INFOPLIST_FILE = TestProduct/Info.plist;
				INFOPLIST_KEY_UIApplicationSupportsIndirectInputEvents = YES;
				INFOPLIST_KEY_UILaunchStoryboardName = LaunchScreen;
				INFOPLIST_KEY_UIMainStoryboardFile = Main;
				INFOPLIST_KEY_UISupportedInterfaceOrientations_iPad = "UIInterfaceOrientationPortrait UIInterfaceOrientationPortraitUpsideDown UIInterfaceOrientationLandscapeLeft UIInterfaceOrientationLandscapeRight";
				INFOPLIST_KEY_UISupportedInterfaceOrientations_iPhone = "UIInterfaceOrientationPortrait UIInterfaceOrientationLandscapeLeft UIInterfaceOrientationLandscapeRight";
				LD_RUNPATH_SEARCH_PATHS = (
					"$(inherited)",
					"@executable_path/Frameworks",
				);
				MARKETING_VERSION = 1.0;
				PRODUCT_BUNDLE_IDENTIFIER = com.Sudeepa.Test.TestProduct;
				PRODUCT_NAME = "$(TARGET_NAME)";
				SWIFT_EMIT_LOC_STRINGS = YES;
				SWIFT_VERSION = 5.0;
				TARGETED_DEVICE_FAMILY = "1,2";
			};
			name = Debug;
		};
		D9BC397A2CDE97DC00716D1E /* Release */ = {
			isa = XCBuildConfiguration;
			baseConfigurationReference = 27C6C9C77F7F149605C1BC11 /* Pods-TestProduct.release.xcconfig */;
			buildSettings = {
				ASSETCATALOG_COMPILER_APPICON_NAME = AppIcon;
				ASSETCATALOG_COMPILER_GLOBAL_ACCENT_COLOR_NAME = AccentColor;
				CODE_SIGN_STYLE = Automatic;
				CURRENT_PROJECT_VERSION = 1;
				DEVELOPMENT_TEAM = 4PN88S2B7V;
				ENABLE_USER_SCRIPT_SANDBOXING = NO;
				GENERATE_INFOPLIST_FILE = YES;
				INFOPLIST_FILE = TestProduct/Info.plist;
				INFOPLIST_KEY_UIApplicationSupportsIndirectInputEvents = YES;
				INFOPLIST_KEY_UILaunchStoryboardName = LaunchScreen;
				INFOPLIST_KEY_UIMainStoryboardFile = Main;
				INFOPLIST_KEY_UISupportedInterfaceOrientations_iPad = "UIInterfaceOrientationPortrait UIInterfaceOrientationPortraitUpsideDown UIInterfaceOrientationLandscapeLeft UIInterfaceOrientationLandscapeRight";
				INFOPLIST_KEY_UISupportedInterfaceOrientations_iPhone = "UIInterfaceOrientationPortrait UIInterfaceOrientationLandscapeLeft UIInterfaceOrientationLandscapeRight";
				LD_RUNPATH_SEARCH_PATHS = (
					"$(inherited)",
					"@executable_path/Frameworks",
				);
				MARKETING_VERSION = 1.0;
				PRODUCT_BUNDLE_IDENTIFIER = com.Sudeepa.Test.TestProduct;
				PRODUCT_NAME = "$(TARGET_NAME)";
				SWIFT_EMIT_LOC_STRINGS = YES;
				SWIFT_VERSION = 5.0;
				TARGETED_DEVICE_FAMILY = "1,2";
			};
			name = Release;
		};
/* End XCBuildConfiguration section */

/* Begin XCConfigurationList section */
		D9BC395F2CDE97DA00716D1E /* Build configuration list for PBXProject "TestProduct" */ = {
			isa = XCConfigurationList;
			buildConfigurations = (
				D9BC39762CDE97DC00716D1E /* Debug */,
				D9BC39772CDE97DC00716D1E /* Release */,
			);
			defaultConfigurationIsVisible = 0;
			defaultConfigurationName = Release;
		};
		D9BC39782CDE97DC00716D1E /* Build configuration list for PBXNativeTarget "TestProduct" */ = {
			isa = XCConfigurationList;
			buildConfigurations = (
				D9BC39792CDE97DC00716D1E /* Debug */,
				D9BC397A2CDE97DC00716D1E /* Release */,
			);
			defaultConfigurationIsVisible = 0;
			defaultConfigurationName = Release;
		};
/* End XCConfigurationList section */
	};
	rootObject = D9BC395C2CDE97DA00716D1E /* Project object */;
}
